
Microsoft Visual Studio Solution File, Format Version 12.00
# Visual Studio Version 16
VisualStudioVersion = 16.0.31005.135
MinimumVisualStudioVersion = 10.0.40219.1
Project("{FAE04EC0-301F-11D3-BF4B-00C04F79EFBC}") = "CPU Monitor", "CPU Monitor\CPU Monitor.csproj", "{1CBB9420-4FEC-45D1-8FFE-D136D7B67D62}"
EndProject
Global
	GlobalSection(SolutionConfigurationPlatforms) = preSolution
		Debug|Any CPU = Debug|Any CPU
		Release|Any CPU = Release|Any CPU
	EndGlobalSection
	GlobalSection(ProjectConfigurationPlatforms) = postSolution
		{1CBB9420-4FEC-45D1-8FFE-D136D7B67D62}.Debug|Any CPU.ActiveCfg = Debug|Any CPU
		{1CBB9420-4FEC-45D1-8FFE-D136D7B67D62}.Debug|Any CPU.Build.0 = Debug|Any CPU
		{1CBB9420-4FEC-45D1-8FFE-D136D7B67D62}.Release|Any CPU.ActiveCfg = Release|Any CPU
		{1CBB9420-4FEC-45D1-8FFE-D136D7B67D62}.Release|Any CPU.Build.0 = Release|Any CPU
	EndGlobalSection
	GlobalSection(SolutionProperties) = preSolution
		HideSolutionNode = FALSE
	EndGlobalSection
	GlobalSection(ExtensibilityGlobals) = postSolution
		SolutionGuid = {A71861F0-0701-48B9-8C3D-41BDA25D1CB8}
	EndGlobalSection
EndGlobal
